
Microsoft Visual Studio Solution File, Format Version 12.00
# Visual Studio Version 16
VisualStudioVersion = 16.0.30225.117
MinimumVisualStudioVersion = 10.0.40219.1
Project("{FAE04EC0-301F-11D3-BF4B-00C04F79EFBC}") = "EmployeeManagement.Models", "EmployeeManagement.Models\EmployeeManagement.Models.csproj", "{05C57F49-FE32-4127-A70C-907B503001F2}"
EndProject
Project("{FAE04EC0-301F-11D3-BF4B-00C04F79EFBC}") = "EmployeeManagement.Web", "EmployeeManagement.Web\EmployeeManagement.Web.csproj", "{1009AA87-7C5E-410E-81C3-ED1419F2F100}"
EndProject
Global
	GlobalSection(SolutionConfigurationPlatforms) = preSolution
		Debug|Any CPU = Debug|Any CPU
		Release|Any CPU = Release|Any CPU
	EndGlobalSection
	GlobalSection(ProjectConfigurationPlatforms) = postSolution
		{05C57F49-FE32-4127-A70C-907B503001F2}.Debug|Any CPU.ActiveCfg = Debug|Any CPU
		{05C57F49-FE32-4127-A70C-907B503001F2}.Debug|Any CPU.Build.0 = Debug|Any CPU
		{05C57F49-FE32-4127-A70C-907B503001F2}.Release|Any CPU.ActiveCfg = Release|Any CPU
		{05C57F49-FE32-4127-A70C-907B503001F2}.Release|Any CPU.Build.0 = Release|Any CPU
		{1009AA87-7C5E-410E-81C3-ED1419F2F100}.Debug|Any CPU.ActiveCfg = Debug|Any CPU
		{1009AA87-7C5E-410E-81C3-ED1419F2F100}.Debug|Any CPU.Build.0 = Debug|Any CPU
		{1009AA87-7C5E-410E-81C3-ED1419F2F100}.Release|Any CPU.ActiveCfg = Release|Any CPU
		{1009AA87-7C5E-410E-81C3-ED1419F2F100}.Release|Any CPU.Build.0 = Release|Any CPU
	EndGlobalSection
	GlobalSection(SolutionProperties) = preSolution
		HideSolutionNode = FALSE
	EndGlobalSection
	GlobalSection(ExtensibilityGlobals) = postSolution
		SolutionGuid = {311AAB79-321B-4267-B97B-835A3666C120}
	EndGlobalSection
EndGlobal
